
Microsoft Visual Studio Solution File, Format Version 12.00
# Visual Studio Version 17
VisualStudioVersion = 17.11.35219.272
MinimumVisualStudioVersion = 10.0.40219.1
Project("{FAE04EC0-301F-11D3-BF4B-00C04F79EFBC}") = "ResumeJorgeBustos", "ResumeJorgeBustos.csproj", "{762E7999-4FAE-427A-836B-BA9F7BF33804}"
EndProject
Global
	GlobalSection(SolutionConfigurationPlatforms) = preSolution
		Debug|Any CPU = Debug|Any CPU
		Release|Any CPU = Release|Any CPU
	EndGlobalSection
	GlobalSection(ProjectConfigurationPlatforms) = postSolution
		{762E7999-4FAE-427A-836B-BA9F7BF33804}.Debug|Any CPU.ActiveCfg = Debug|Any CPU
		{762E7999-4FAE-427A-836B-BA9F7BF33804}.Debug|Any CPU.Build.0 = Debug|Any CPU
		{762E7999-4FAE-427A-836B-BA9F7BF33804}.Release|Any CPU.ActiveCfg = Release|Any CPU
		{762E7999-4FAE-427A-836B-BA9F7BF33804}.Release|Any CPU.Build.0 = Release|Any CPU
	EndGlobalSection
	GlobalSection(SolutionProperties) = preSolution
		HideSolutionNode = FALSE
	EndGlobalSection
	GlobalSection(ExtensibilityGlobals) = postSolution
		SolutionGuid = {93DD35E3-4184-41DB-9350-4230B1B2FC1D}
	EndGlobalSection
EndGlobal
